
Microsoft Visual Studio Solution File, Format Version 12.00
# Visual Studio 2013
VisualStudioVersion = 12.0.31101.0
MinimumVisualStudioVersion = 10.0.40219.1
Project("{FAE04EC0-301F-11D3-BF4B-00C04F79EFBC}") = "MwsFeeds", "MwsFeeds.csproj", "{AE7117F7-9C4C-4D9B-AD68-0CD00E9F974D}"
EndProject
Global
	GlobalSection(SolutionConfigurationPlatforms) = preSolution
		Debug|Any CPU = Debug|Any CPU
		Release|Any CPU = Release|Any CPU
	EndGlobalSection
	GlobalSection(ProjectConfigurationPlatforms) = postSolution
		{AE7117F7-9C4C-4D9B-AD68-0CD00E9F974D}.Debug|Any CPU.ActiveCfg = Debug|Any CPU
		{AE7117F7-9C4C-4D9B-AD68-0CD00E9F974D}.Debug|Any CPU.Build.0 = Debug|Any CPU
		{AE7117F7-9C4C-4D9B-AD68-0CD00E9F974D}.Release|Any CPU.ActiveCfg = Release|Any CPU
		{AE7117F7-9C4C-4D9B-AD68-0CD00E9F974D}.Release|Any CPU.Build.0 = Release|Any CPU
	EndGlobalSection
	GlobalSection(SolutionProperties) = preSolution
		HideSolutionNode = FALSE
	EndGlobalSection
EndGlobal
